{
  "version": 4,
  "terraform_version": "1.7.5",
  "serial": 4,
  "lineage": "5eb2c706-6344-d395-8cc1-c417d8c3d601",
  "outputs": {},
  "resources": [
    {
      "mode": "managed",
      "type": "local_file",
      "name": "pet",
      "provider": "provider[\"registry.terraform.io/hashicorp/local\"]",
      "instances": [
        {
          "schema_version": 0,
          "attributes": {
            "content": " we love pets!!!",
            "content_base64": null,
            "content_base64sha256": "trbr7Yh4ZjNCosMD0I1V9ahMF/7MCZxvAPz6BQr8OEQ=",
            "content_base64sha512": "+O+7/JXLtYQAARFHK3TAE9WfRj6INarIOiwHN/9aBOeOzOlOa5HQ8CKifEcDMweNN9mV7sXM1TVLUpY0GBjtpA==",
            "content_md5": "7470a39daa006a66582851f6ff098499",
            "content_sha1": "cec75734507aebc6a5fed1647b0f19444bf2ead0",
            "content_sha256": "b6b6ebed8878663342a2c303d08d55f5a84c17fecc099c6f00fcfa050afc3844",
            "content_sha512": "f8efbbfc95cbb584000111472b74c013d59f463e8835aac83a2c0737ff5a04e78ecce94e6b91d0f022a27c470333078d37d995eec5ccd5354b5296341818eda4",
            "directory_permission": "0777",
            "file_permission": "0777",
            "filename": "./pets.txt",
            "id": "cec75734507aebc6a5fed1647b0f19444bf2ead0",
            "sensitive_content": null,
            "source": null
          },
          "sensitive_attributes": []
        }
      ]
    }
  ],
  "check_results": null
}
